
Microsoft Visual Studio Solution File, Format Version 12.00
# Visual Studio Version 17
VisualStudioVersion = 17.2.32516.85
MinimumVisualStudioVersion = 10.0.40219.1
Project("{2150E333-8FDC-42A3-9474-1A3956D46DE8}") = "test", "test", "{40D4E7C5-B32D-4489-92FB-A61B85DE151A}"
EndProject
Project("{9A19103F-16F7-4668-BE54-9A1E7A4F7556}") = "Givt.Donations.API", "Givt.Donations.API\Givt.Donations.API.csproj", "{4F4FDC61-4CB7-4490-9D27-BFBD202CC51C}"
EndProject
Project("{9A19103F-16F7-4668-BE54-9A1E7A4F7556}") = "Givt.Donations.Domain", "Givt.Donations.Domain\Givt.Donations.Domain.csproj", "{7D12A5DA-6B78-425D-89BF-45246AE028A8}"
EndProject
Project("{9A19103F-16F7-4668-BE54-9A1E7A4F7556}") = "Givt.Donations.Persistence", "Givt.Donations.Persistence\Givt.Donations.Persistence.csproj", "{12F4D830-5B84-4345-8056-C7D20E7DC0BE}"
EndProject
Project("{9A19103F-16F7-4668-BE54-9A1E7A4F7556}") = "Givt.Donations.Business", "Givt.Donations.Business\Givt.Donations.Business.csproj", "{F81B0084-EAC7-41F6-8420-F0FFAB1D9509}"
EndProject
Project("{9A19103F-16F7-4668-BE54-9A1E7A4F7556}") = "Givt.Donations.API.ComponentTest", "test\Givt.Donations.API.ComponentTest\Givt.Donations.API.ComponentTest.csproj", "{1FFDD8B6-8FC9-4B75-9F74-C87BCEC67B64}"
EndProject
Project("{9A19103F-16F7-4668-BE54-9A1E7A4F7556}") = "Givt.Donations.API.UnitTest", "test\Givt.Donations.API.UnitTest\Givt.Donations.API.UnitTest.csproj", "{B32E2AD5-1839-4976-B617-80A643DADA8E}"
EndProject
Project("{9A19103F-16F7-4668-BE54-9A1E7A4F7556}") = "Givt.Donations.Persistence.Test", "test\Givt.Donations.Persistence.Test\Givt.Donations.Persistence.Test.csproj", "{35B18986-0ABC-471C-99B3-4B4A68CE0AAF}"
EndProject
Project("{2150E333-8FDC-42A3-9474-1A3956D46DE8}") = "Givt.Platform", "Givt.Platform", "{73E8D1E2-E124-46D1-831F-7F32505E9BD8}"
EndProject
Project("{9A19103F-16F7-4668-BE54-9A1E7A4F7556}") = "Givt.Platform.CockroachDb", "Givt.Platform\Givt.Platform.CockroachDb\Givt.Platform.CockroachDb.csproj", "{FC2C3F1C-44A5-43C2-A7E5-14A473E9EA73}"
EndProject
Project("{9A19103F-16F7-4668-BE54-9A1E7A4F7556}") = "Givt.Platform.Common", "Givt.Platform\Givt.Platform.Common\Givt.Platform.Common.csproj", "{4CAD4F0D-0565-4BE5-8E8E-01CD7F3A1FDB}"
EndProject
Project("{9A19103F-16F7-4668-BE54-9A1E7A4F7556}") = "Givt.Platform.Payments", "Givt.Platform\Givt.Platform.Payments\Givt.Platform.Payments.csproj", "{2BE07771-CD20-48FF-95E6-B65F0C4BCE89}"
EndProject
Project("{9A19103F-16F7-4668-BE54-9A1E7A4F7556}") = "Givt.Platform.EF", "Givt.Platform\Givt.Platform.EF\Givt.Platform.EF.csproj", "{40F1C4CC-6601-4C77-B8F4-584A195DA987}"
EndProject
Project("{9A19103F-16F7-4668-BE54-9A1E7A4F7556}") = "Givt.Platform.JWT", "Givt.Platform\Givt.Platform.JWT\Givt.Platform.JWT.csproj", "{4D5D9D1D-FA2B-4B71-A35D-8CF7FCEE990D}"
EndProject
Global
	GlobalSection(SolutionConfigurationPlatforms) = preSolution
		Debug|Any CPU = Debug|Any CPU
		Release|Any CPU = Release|Any CPU
	EndGlobalSection
	GlobalSection(ProjectConfigurationPlatforms) = postSolution
		{4F4FDC61-4CB7-4490-9D27-BFBD202CC51C}.Debug|Any CPU.ActiveCfg = Debug|Any CPU
		{4F4FDC61-4CB7-4490-9D27-BFBD202CC51C}.Debug|Any CPU.Build.0 = Debug|Any CPU
		{4F4FDC61-4CB7-4490-9D27-BFBD202CC51C}.Release|Any CPU.ActiveCfg = Release|Any CPU
		{4F4FDC61-4CB7-4490-9D27-BFBD202CC51C}.Release|Any CPU.Build.0 = Release|Any CPU
		{7D12A5DA-6B78-425D-89BF-45246AE028A8}.Debug|Any CPU.ActiveCfg = Debug|Any CPU
		{7D12A5DA-6B78-425D-89BF-45246AE028A8}.Debug|Any CPU.Build.0 = Debug|Any CPU
		{7D12A5DA-6B78-425D-89BF-45246AE028A8}.Release|Any CPU.ActiveCfg = Release|Any CPU
		{7D12A5DA-6B78-425D-89BF-45246AE028A8}.Release|Any CPU.Build.0 = Release|Any CPU
		{12F4D830-5B84-4345-8056-C7D20E7DC0BE}.Debug|Any CPU.ActiveCfg = Debug|Any CPU
		{12F4D830-5B84-4345-8056-C7D20E7DC0BE}.Debug|Any CPU.Build.0 = Debug|Any CPU
		{12F4D830-5B84-4345-8056-C7D20E7DC0BE}.Release|Any CPU.ActiveCfg = Release|Any CPU
		{12F4D830-5B84-4345-8056-C7D20E7DC0BE}.Release|Any CPU.Build.0 = Release|Any CPU
		{F81B0084-EAC7-41F6-8420-F0FFAB1D9509}.Debug|Any CPU.ActiveCfg = Debug|Any CPU
		{F81B0084-EAC7-41F6-8420-F0FFAB1D9509}.Debug|Any CPU.Build.0 = Debug|Any CPU
		{F81B0084-EAC7-41F6-8420-F0FFAB1D9509}.Release|Any CPU.ActiveCfg = Release|Any CPU
		{F81B0084-EAC7-41F6-8420-F0FFAB1D9509}.Release|Any CPU.Build.0 = Release|Any CPU
		{1FFDD8B6-8FC9-4B75-9F74-C87BCEC67B64}.Debug|Any CPU.ActiveCfg = Debug|Any CPU
		{1FFDD8B6-8FC9-4B75-9F74-C87BCEC67B64}.Debug|Any CPU.Build.0 = Debug|Any CPU
		{1FFDD8B6-8FC9-4B75-9F74-C87BCEC67B64}.Release|Any CPU.ActiveCfg = Release|Any CPU
		{1FFDD8B6-8FC9-4B75-9F74-C87BCEC67B64}.Release|Any CPU.Build.0 = Release|Any CPU
		{B32E2AD5-1839-4976-B617-80A643DADA8E}.Debug|Any CPU.ActiveCfg = Debug|Any CPU
		{B32E2AD5-1839-4976-B617-80A643DADA8E}.Debug|Any CPU.Build.0 = Debug|Any CPU
		{B32E2AD5-1839-4976-B617-80A643DADA8E}.Release|Any CPU.ActiveCfg = Release|Any CPU
		{B32E2AD5-1839-4976-B617-80A643DADA8E}.Release|Any CPU.Build.0 = Release|Any CPU
		{35B18986-0ABC-471C-99B3-4B4A68CE0AAF}.Debug|Any CPU.ActiveCfg = Debug|Any CPU
		{35B18986-0ABC-471C-99B3-4B4A68CE0AAF}.Debug|Any CPU.Build.0 = Debug|Any CPU
		{35B18986-0ABC-471C-99B3-4B4A68CE0AAF}.Release|Any CPU.ActiveCfg = Release|Any CPU
		{35B18986-0ABC-471C-99B3-4B4A68CE0AAF}.Release|Any CPU.Build.0 = Release|Any CPU
		{FC2C3F1C-44A5-43C2-A7E5-14A473E9EA73}.Debug|Any CPU.ActiveCfg = Debug|Any CPU
		{FC2C3F1C-44A5-43C2-A7E5-14A473E9EA73}.Debug|Any CPU.Build.0 = Debug|Any CPU
		{FC2C3F1C-44A5-43C2-A7E5-14A473E9EA73}.Release|Any CPU.ActiveCfg = Release|Any CPU
		{FC2C3F1C-44A5-43C2-A7E5-14A473E9EA73}.Release|Any CPU.Build.0 = Release|Any CPU
		{4CAD4F0D-0565-4BE5-8E8E-01CD7F3A1FDB}.Debug|Any CPU.ActiveCfg = Debug|Any CPU
		{4CAD4F0D-0565-4BE5-8E8E-01CD7F3A1FDB}.Debug|Any CPU.Build.0 = Debug|Any CPU
		{4CAD4F0D-0565-4BE5-8E8E-01CD7F3A1FDB}.Release|Any CPU.ActiveCfg = Release|Any CPU
		{4CAD4F0D-0565-4BE5-8E8E-01CD7F3A1FDB}.Release|Any CPU.Build.0 = Release|Any CPU
		{2BE07771-CD20-48FF-95E6-B65F0C4BCE89}.Debug|Any CPU.ActiveCfg = Debug|Any CPU
		{2BE07771-CD20-48FF-95E6-B65F0C4BCE89}.Debug|Any CPU.Build.0 = Debug|Any CPU
		{2BE07771-CD20-48FF-95E6-B65F0C4BCE89}.Release|Any CPU.ActiveCfg = Release|Any CPU
		{2BE07771-CD20-48FF-95E6-B65F0C4BCE89}.Release|Any CPU.Build.0 = Release|Any CPU
		{40F1C4CC-6601-4C77-B8F4-584A195DA987}.Debug|Any CPU.ActiveCfg = Debug|Any CPU
		{40F1C4CC-6601-4C77-B8F4-584A195DA987}.Debug|Any CPU.Build.0 = Debug|Any CPU
		{40F1C4CC-6601-4C77-B8F4-584A195DA987}.Release|Any CPU.ActiveCfg = Release|Any CPU
		{40F1C4CC-6601-4C77-B8F4-584A195DA987}.Release|Any CPU.Build.0 = Release|Any CPU
		{4D5D9D1D-FA2B-4B71-A35D-8CF7FCEE990D}.Debug|Any CPU.ActiveCfg = Debug|Any CPU
		{4D5D9D1D-FA2B-4B71-A35D-8CF7FCEE990D}.Debug|Any CPU.Build.0 = Debug|Any CPU
		{4D5D9D1D-FA2B-4B71-A35D-8CF7FCEE990D}.Release|Any CPU.ActiveCfg = Release|Any CPU
		{4D5D9D1D-FA2B-4B71-A35D-8CF7FCEE990D}.Release|Any CPU.Build.0 = Release|Any CPU
	EndGlobalSection
	GlobalSection(SolutionProperties) = preSolution
		HideSolutionNode = FALSE
	EndGlobalSection
	GlobalSection(NestedProjects) = preSolution
		{1FFDD8B6-8FC9-4B75-9F74-C87BCEC67B64} = {40D4E7C5-B32D-4489-92FB-A61B85DE151A}
		{B32E2AD5-1839-4976-B617-80A643DADA8E} = {40D4E7C5-B32D-4489-92FB-A61B85DE151A}
		{35B18986-0ABC-471C-99B3-4B4A68CE0AAF} = {40D4E7C5-B32D-4489-92FB-A61B85DE151A}
		{FC2C3F1C-44A5-43C2-A7E5-14A473E9EA73} = {73E8D1E2-E124-46D1-831F-7F32505E9BD8}
		{4CAD4F0D-0565-4BE5-8E8E-01CD7F3A1FDB} = {73E8D1E2-E124-46D1-831F-7F32505E9BD8}
		{2BE07771-CD20-48FF-95E6-B65F0C4BCE89} = {73E8D1E2-E124-46D1-831F-7F32505E9BD8}
		{40F1C4CC-6601-4C77-B8F4-584A195DA987} = {73E8D1E2-E124-46D1-831F-7F32505E9BD8}
		{4D5D9D1D-FA2B-4B71-A35D-8CF7FCEE990D} = {73E8D1E2-E124-46D1-831F-7F32505E9BD8}
	EndGlobalSection
	GlobalSection(ExtensibilityGlobals) = postSolution
		SolutionGuid = {8B234F7E-30C9-4602-9ED1-4255215B8735}
	EndGlobalSection
EndGlobal
